
Microsoft Visual Studio Solution File, Format Version 12.00
# Visual Studio Version 17
VisualStudioVersion = 17.3.32922.545
MinimumVisualStudioVersion = 10.0.40219.1
Project("{FAE04EC0-301F-11D3-BF4B-00C04F79EFBC}") = "PokusEvidence", "PokusEvidence\PokusEvidence.csproj", "{EBBF944C-BDEE-4792-840C-6F9611B538A6}"
EndProject
Global
	GlobalSection(SolutionConfigurationPlatforms) = preSolution
		Debug|Any CPU = Debug|Any CPU
		Release|Any CPU = Release|Any CPU
	EndGlobalSection
	GlobalSection(ProjectConfigurationPlatforms) = postSolution
		{EBBF944C-BDEE-4792-840C-6F9611B538A6}.Debug|Any CPU.ActiveCfg = Debug|Any CPU
		{EBBF944C-BDEE-4792-840C-6F9611B538A6}.Debug|Any CPU.Build.0 = Debug|Any CPU
		{EBBF944C-BDEE-4792-840C-6F9611B538A6}.Release|Any CPU.ActiveCfg = Release|Any CPU
		{EBBF944C-BDEE-4792-840C-6F9611B538A6}.Release|Any CPU.Build.0 = Release|Any CPU
	EndGlobalSection
	GlobalSection(SolutionProperties) = preSolution
		HideSolutionNode = FALSE
	EndGlobalSection
	GlobalSection(ExtensibilityGlobals) = postSolution
		SolutionGuid = {3B300EFB-1121-4D1D-9C4A-69CD8CA05D54}
	EndGlobalSection
EndGlobal
